{
  "name": "diversibute-example",
  "version": "0.0.1",
  "lockfileVersion": 1,
  "requires": true,
  "dependencies": {
    "bottlejs": {
      "version": "1.7.2",
      "resolved": "https://registry.npmjs.org/bottlejs/-/bottlejs-1.7.2.tgz",
      "integrity": "sha512-voMPQ+g8/4GBiDE5lp43fgfoBn7Q5fZI7k3ye8ErrPoHzuuRS0Gff9lZYeyalh86uz5P304iZ14wNAM+3TZguQ=="
    },
    "diversibute": {
      "version": "git+https://github.com/akramer-zibra/diversibute.git#316cf3db6f2be6758ca3dc41908d9f4f94c759c5",
      "from": "git+https://github.com/akramer-zibra/diversibute.git",
      "requires": {
        "bottlejs": "1.7.2",
        "euclidean-distance": "1.0.0",
        "geneticalgorithm": "1.0.2",
        "js-combinatorics": "0.5.5",
        "skmeans": "0.11.2"
      }
    },
    "euclidean-distance": {
      "version": "1.0.0",
      "resolved": "https://registry.npmjs.org/euclidean-distance/-/euclidean-distance-1.0.0.tgz",
      "integrity": "sha1-cDvCE+l8HXMdebWZ6TeUG6lnCmg="
    },
    "geneticalgorithm": {
      "version": "1.0.2",
      "resolved": "https://registry.npmjs.org/geneticalgorithm/-/geneticalgorithm-1.0.2.tgz",
      "integrity": "sha512-p+CMQos1L4MCiW2zVqy3gxbpQiWxW1SCerDYoLelPaSU8TQs7QAaNEllEiHD708QgokU7IVprRcYhRRhYwJQFw=="
    },
    "js-combinatorics": {
      "version": "0.5.5",
      "resolved": "https://registry.npmjs.org/js-combinatorics/-/js-combinatorics-0.5.5.tgz",
      "integrity": "sha512-WglFY9EQvwndNhuJLxxyjnC16649lfZly/G3M3zgQMwcWlJDJ0Jn9niPWeYjnLXwWOEycYVxR2Tk98WLeFkrcw=="
    },
    "skmeans": {
      "version": "0.11.2",
      "resolved": "https://registry.npmjs.org/skmeans/-/skmeans-0.11.2.tgz",
      "integrity": "sha512-udxxxizqF69sC4nky8AXE4CZ6vA61CazK6FDeQJRh+YFx/L7Deo8OGkM/IPq9Znrxri+Obf4blp49pj+8pakHA=="
    }
  }
}
